lockfileVersion: 5.3

importers:

  .:
    specifiers:
      '@types/node': ^16.11.12
      cross-env: ^7.0.3
      postcss: ^8.4.5
      reflect-metadata: ^0.1.13
      rimraf: ^3.0.2
      tslib: ^2.3.1
      typescript: ^4.5.3
    devDependencies:
      '@types/node': 16.11.17
      cross-env: 7.0.3
      postcss: 8.4.5
      reflect-metadata: 0.1.13
      rimraf: 3.0.2
      tslib: 2.3.1
      typescript: 4.5.4

  packages/blueprint:
    specifiers: {}

  packages/book:
    specifiers:
      '@cosmic-design/blueprint': workspace:*
      '@cosmic-design/svelte': workspace:*
      '@rollup/plugin-commonjs': ^21.0.1
      '@rollup/plugin-node-resolve': ^13.1.2
      '@rollup/plugin-typescript': ^8.3.0
      rollup: ^2.62.0
      rollup-plugin-css-only: ^3.1.0
      rollup-plugin-css-porter: ^1.0.2
      rollup-plugin-livereload: ^2.0.5
      rollup-plugin-multi-input: ^1.3.1
      rollup-plugin-terser: ^7.0.2
      sirv-cli: ^1.0.0
    dependencies:
      '@cosmic-design/blueprint': link:../blueprint
      '@cosmic-design/svelte': link:../svelte
    devDependencies:
      '@rollup/plugin-commonjs': 21.0.1_rollup@2.62.0
      '@rollup/plugin-node-resolve': 13.1.2_rollup@2.62.0
      '@rollup/plugin-typescript': 8.3.0_7c5ff569c0887b4f0035eb7cb6988163
      rollup: 2.62.0
      rollup-plugin-css-only: 3.1.0_rollup@2.62.0
      rollup-plugin-css-porter: 1.0.2
      rollup-plugin-livereload: 2.0.5
      rollup-plugin-multi-input: 1.3.1
      rollup-plugin-terser: 7.0.2_rollup@2.62.0
      sirv-cli: 1.0.14

  packages/svelte:
    specifiers:
      '@cosmic-design/blueprint': workspace:*
      '@modular-css/rollup': ^27.0.3
      '@rollup/plugin-commonjs': ^21.0.1
      '@rollup/plugin-node-resolve': ^13.1.2
      '@rollup/plugin-typescript': ^8.3.0
      autoprefixer: ^10.4.1
      rollup: ^2.62.0
      rollup-plugin-css-only: ^3.1.0
      rollup-plugin-css-porter: ^1.0.2
      rollup-plugin-livereload: ^2.0.5
      rollup-plugin-svelte: ^7.1.0
      rollup-plugin-terser: ^7.0.2
      svelte: ^3.44.0
      svelte-check: ^2.2.10
      svelte-loader: 3.1.1
      svelte-preprocess: ^4.9.8
    dependencies:
      '@cosmic-design/blueprint': link:../blueprint
      autoprefixer: 10.4.1_postcss@8.4.5
    devDependencies:
      '@modular-css/rollup': 27.0.3_postcss@8.4.5+rollup@2.62.0
      '@rollup/plugin-commonjs': 21.0.1_rollup@2.62.0
      '@rollup/plugin-node-resolve': 13.1.2_rollup@2.62.0
      '@rollup/plugin-typescript': 8.3.0_7c5ff569c0887b4f0035eb7cb6988163
      rollup: 2.62.0
      rollup-plugin-css-only: 3.1.0_rollup@2.62.0
      rollup-plugin-css-porter: 1.0.2
      rollup-plugin-livereload: 2.0.5
      rollup-plugin-svelte: 7.1.0_rollup@2.62.0+svelte@3.44.3
      rollup-plugin-terser: 7.0.2_rollup@2.62.0
      svelte: 3.44.3
      svelte-check: 2.2.11_postcss@8.4.5+svelte@3.44.3
      svelte-loader: 3.1.1_svelte@3.44.3
      svelte-preprocess: 4.10.1_a77feb17e2d98801e15b65bd7ff1b1f2

packages:

  /@babel/code-frame/7.16.7:
    resolution: {integrity: sha512-iAXqUn8IIeBTNd72xsFlgaXHkMBMt6y4HJp1tIaK465CWLT/fG1aqB7ykr95gHHmlBdGbFeWWfyB4NJJ0nmeIg==, tarball: '@babel/code-frame/download/@babel/code-frame-7.16.7.tgz'}
    engines: {node: '>=6.9.0'}
    dependencies:
      '@babel/highlight': 7.16.7
    dev: true

  /@babel/helper-validator-identifier/7.16.7:
    resolution: {integrity: sha512-hsEnFemeiW4D08A5gUAZxLBTXpZ39P+a+DGDsHw1yxqyQ/jzFEnxf5uTEGp+3bzAbNOxU1paTgYS4ECU/IgfDw==, tarball: '@babel/helper-validator-identifier/download/@babel/helper-validator-identifier-7.16.7.tgz'}
    engines: {node: '>=6.9.0'}
    dev: true

  /@babel/highlight/7.16.7:
    resolution: {integrity: sha512-aKpPMfLvGO3Q97V0qhw/V2SWNWlwfJknuwAunU7wZLSfrM4xTBvg7E5opUVi1kJTBKihE38CPg4nBiqX83PWYw==, tarball: '@babel/highlight/download/@babel/highlight-7.16.7.tgz'}
    engines: {node: '>=6.9.0'}
    dependencies:
      '@babel/helper-validator-identifier': 7.16.7
      chalk: 2.4.2
      js-tokens: 4.0.0
    dev: true

  /@modular-css/processor/27.0.3_postcss@8.4.5:
    resolution: {integrity: sha512-LE1lyNlufQ9kX8jYx2kSHselGea5rdtBY6XRBWwEE5dwgG5bDfbFsMGaLYUo4Z+cLbnl6jC4Y/ee3aMpluqFyw==, tarball: '@modular-css/processor/download/@modular-css/processor-27.0.3.tgz'}
    peerDependencies:
      postcss: ^8.0.0
    dependencies:
      dependency-graph: 0.11.0
      escape-string-regexp: 4.0.0
      lodash: 4.17.21
      postcss: 8.4.5
      postcss-selector-parser: 6.0.8
      postcss-url: 10.1.3_postcss@8.4.5
      postcss-value-parser: 4.2.0
      resolve-from: 5.0.0
      unique-slug: 2.0.2
    dev: true

  /@modular-css/rollup/27.0.3_postcss@8.4.5+rollup@2.62.0:
    resolution: {integrity: sha512-MuJEeXsmf3R48iSswkytkM2HWTSC4aTVd85pt7mNxTeJ759vCLhlKHutO8h9bHV8LkS+F9DN9gVbAZrsxHOPMA==, tarball: '@modular-css/rollup/download/@modular-css/rollup-27.0.3.tgz'}
    peerDependencies:
      rollup: ^2.21.0
    dependencies:
      '@modular-css/processor': 27.0.3_postcss@8.4.5
      dedent: 0.7.0
      identifierfy: 2.0.0
      rollup: 2.62.0
      rollup-pluginutils: 2.8.2
      slash: 3.0.0
    transitivePeerDependencies:
      - postcss
    dev: true

  /@nodelib/fs.scandir/2.1.5:
    resolution: {integrity: sha1-dhnC6yGyVIP20WdUi0z9WnSIw9U=, tarball: '@nodelib/fs.scandir/download/@nodelib/fs.scandir-2.1.5.tgz'}
    engines: {node: '>= 8'}
    dependencies:
      '@nodelib/fs.stat': 2.0.5
      run-parallel: 1.2.0
    dev: true

  /@nodelib/fs.stat/2.0.5:
    resolution: {integrity: sha1-W9Jir5Tp0lvR5xsF3u1Eh2oiLos=, tarball: '@nodelib/fs.stat/download/@nodelib/fs.stat-2.0.5.tgz'}
    engines: {node: '>= 8'}
    dev: true

  /@nodelib/fs.walk/1.2.8:
    resolution: {integrity: sha1-6Vc36LtnRt3t9pxVaVNJTxlv5po=, tarball: '@nodelib/fs.walk/download/@nodelib/fs.walk-1.2.8.tgz?cache=0&sync_timestamp=1634048785407&other_urls=https%3A%2F%2Fregistry.npmmirror.com%2F%40nodelib%2Ffs.walk%2Fdownload%2F%40nodelib%2Ffs.walk-1.2.8.tgz'}
    engines: {node: '>= 8'}
    dependencies:
      '@nodelib/fs.scandir': 2.1.5
      fastq: 1.13.0
    dev: true

  /@polka/url/1.0.0-next.21:
    resolution: {integrity: sha1-XeWiOFo1MJQn9gEZkrVEUU1VmqE=, tarball: '@polka/url/download/@polka/url-1.0.0-next.21.tgz'}
    dev: true

  /@rollup/plugin-commonjs/21.0.1_rollup@2.62.0:
    resolution: {integrity: sha1-HlfIGuFRjk3wlU1oHGQufZRYj+4=, tarball: '@rollup/plugin-commonjs/download/@rollup/plugin-commonjs-21.0.1.tgz'}
    engines: {node: '>= 8.0.0'}
    peerDependencies:
      rollup: ^2.38.3
    dependencies:
      '@rollup/pluginutils': 3.1.0_rollup@2.62.0
      commondir: 1.0.1
      estree-walker: 2.0.2
      glob: 7.1.6
      is-reference: 1.2.1
      magic-string: 0.25.7
      resolve: 1.20.0
      rollup: 2.62.0
    dev: true

  /@rollup/plugin-node-resolve/13.1.2_rollup@2.62.0:
    resolution: {integrity: sha512-xyqbuf1vyOPC60jEKhx3DBHunymnCJswzjNTKfX4Jz7zCPar1UqbRZCNY1u5QaXh97beaFTWdoUUWiV4qX8o/g==, tarball: '@rollup/plugin-node-resolve/download/@rollup/plugin-node-resolve-13.1.2.tgz'}
    engines: {node: '>= 10.0.0'}
    peerDependencies:
      rollup: ^2.42.0
    dependencies:
      '@rollup/pluginutils': 3.1.0_rollup@2.62.0
      '@types/resolve': 1.17.1
      builtin-modules: 3.2.0
      deepmerge: 4.2.2
      is-module: 1.0.0
      resolve: 1.20.0
      rollup: 2.62.0
    dev: true

  /@rollup/plugin-typescript/8.3.0_7c5ff569c0887b4f0035eb7cb6988163:
    resolution: {integrity: sha1-vBB3+liXuYD8J+N2xON3iCxj5os=, tarball: '@rollup/plugin-typescript/download/@rollup/plugin-typescript-8.3.0.tgz'}
    engines: {node: '>=8.0.0'}
    peerDependencies:
      rollup: ^2.14.0
      tslib: '*'
      typescript: '>=3.7.0'
    dependencies:
      '@rollup/pluginutils': 3.1.0_rollup@2.62.0
      resolve: 1.20.0
      rollup: 2.62.0
      tslib: 2.3.1
      typescript: 4.5.4
    dev: true

  /@rollup/pluginutils/3.1.0_rollup@2.62.0:
    resolution: {integrity: sha1-cGtFJO5tyLEDs8mVUz5a1oDAK5s=, tarball: '@rollup/pluginutils/download/@rollup/pluginutils-3.1.0.tgz'}
    engines: {node: '>= 8.0.0'}
    peerDependencies:
      rollup: ^1.20.0||^2.0.0
    dependencies:
      '@types/estree': 0.0.39
      estree-walker: 1.0.1
      picomatch: 2.3.0
      rollup: 2.62.0
    dev: true

  /@rollup/pluginutils/4.1.2:
    resolution: {integrity: sha512-ROn4qvkxP9SyPeHaf7uQC/GPFY6L/OWy9+bd9AwcjOAWQwxRscoEyAUD8qCY5o5iL4jqQwoLk2kaTKJPb/HwzQ==, tarball: '@rollup/pluginutils/download/@rollup/pluginutils-4.1.2.tgz'}
    engines: {node: '>= 8.0.0'}
    dependencies:
      estree-walker: 2.0.2
      picomatch: 2.3.0
    dev: true

  /@types/estree/0.0.39:
    resolution: {integrity: sha1-4Xfmme4bjCLSMXTKqnQiZEOJUJ8=, tarball: '@types/estree/download/@types/estree-0.0.39.tgz'}
    dev: true

  /@types/estree/0.0.50:
    resolution: {integrity: sha1-Hgyqk2TT/M0pMcPtlv2+ql1MyoM=, tarball: '@types/estree/download/@types/estree-0.0.50.tgz'}
    dev: true

  /@types/node/16.11.17:
    resolution: {integrity: sha512-C1vTZME8cFo8uxY2ui41xcynEotVkczIVI5AjLmy5pkpBv/FtG+jhtOlfcPysI8VRVwoOMv6NJm44LGnoMSWkw==}
    dev: true

  /@types/pug/2.0.6:
    resolution: {integrity: sha512-SnHmG9wN1UVmagJOnyo/qkk0Z7gejYxOYYmaAwr5u2yFYfsupN3sg10kyzN8Hep/2zbHxCnsumxOoRIRMBwKCg==}
    dev: true

  /@types/resolve/1.17.1:
    resolution: {integrity: sha1-Ov1q2JZ8d+Q3bFmKgt3Vj0bsRdY=, tarball: '@types/resolve/download/@types/resolve-1.17.1.tgz'}
    dependencies:
      '@types/node': 16.11.17
    dev: true

  /@types/sass/1.43.1:
    resolution: {integrity: sha512-BPdoIt1lfJ6B7rw35ncdwBZrAssjcwzI5LByIrYs+tpXlj/CAkuVdRsgZDdP4lq5EjyWzwxZCqAoFyHKFwp32g==}
    dependencies:
      '@types/node': 16.11.17
    dev: true

  /ansi-styles/3.2.1:
    resolution: {integrity: sha1-QfuyAkPlCxK+DwS43tvwdSDOhB0=, tarball: ansi-styles/download/ansi-styles-3.2.1.tgz}
    engines: {node: '>=4'}
    dependencies:
      color-convert: 1.9.3
    dev: true

  /ansi-styles/4.3.0:
    resolution: {integrity: sha512-zbB9rCJAT1rbjiVDb2hqKFHNYLxgtk8NURxZ3IZwD3F6NtxbXZQCnnSi1Lkx+IDohdPlFp222wVALIheZJQSEg==}
    engines: {node: '>=8'}
    dependencies:
      color-convert: 2.0.1
    dev: true

  /anymatch/3.1.2:
    resolution: {integrity: sha1-wFV8CWrzLxBhmPT04qODU343hxY=, tarball: anymatch/download/anymatch-3.1.2.tgz}
    engines: {node: '>= 8'}
    dependencies:
      normalize-path: 3.0.0
      picomatch: 2.3.0
    dev: true

  /autoprefixer/10.4.1_postcss@8.4.5:
    resolution: {integrity: sha512-B3ZEG7wtzXDRCEFsan7HmR2AeNsxdJB0+sEC0Hc5/c2NbhJqPwuZm+tn233GBVw82L+6CtD6IPSfVruwKjfV3A==, tarball: autoprefixer/download/autoprefixer-10.4.1.tgz}
    engines: {node: ^10 || ^12 || >=14}
    hasBin: true
    peerDependencies:
      postcss: ^8.1.0
    dependencies:
      browserslist: 4.19.1
      caniuse-lite: 1.0.30001294
      fraction.js: 4.1.2
      normalize-range: 0.1.2
      picocolors: 1.0.0
      postcss: 8.4.5
      postcss-value-parser: 4.2.0
    dev: false

  /balanced-match/1.0.2:
    resolution: {integrity: sha512-3oSeUO0TMV67hN1AmbXsK4yaqU7tjiHlbxRDZOpH0KW9+CeX4bRAaX0Anxt0tx2MrpRpWwQaPwIlISEJhYU5Pw==}
    dev: true

  /big.js/5.2.2:
    resolution: {integrity: sha512-vyL2OymJxmarO8gxMr0mhChsO9QGwhynfuu4+MHTAW6czfq9humCB7rKpUjDd9YUiDPU4mzpyupFSvOClAwbmQ==}
    dev: true

  /binary-extensions/2.2.0:
    resolution: {integrity: sha1-dfUC7q+f/eQvyYgpZFvk6na9ni0=, tarball: binary-extensions/download/binary-extensions-2.2.0.tgz}
    engines: {node: '>=8'}
    dev: true

  /brace-expansion/1.1.11:
    resolution: {integrity: sha512-iCuPHDFgrHX7H2vEI/5xpz07zSHB00TpugqhmYtVmMO6518mCuRMoOYFldEBl0g187ufozdaHgWKcYFb61qGiA==}
    dependencies:
      balanced-match: 1.0.2
      concat-map: 0.0.1
    dev: true

  /braces/3.0.2:
    resolution: {integrity: sha1-NFThpGLujVmeI23zNs2epPiv4Qc=, tarball: braces/download/braces-3.0.2.tgz}
    engines: {node: '>=8'}
    dependencies:
      fill-range: 7.0.1
    dev: true

  /browserslist/4.19.1:
    resolution: {integrity: sha512-u2tbbG5PdKRTUoctO3NBD8FQ5HdPh1ZXPHzp1rwaa5jTc+RV9/+RlWiAIKmjRPQF+xbGM9Kklj5bZQFa2s/38A==, tarball: browserslist/download/browserslist-4.19.1.tgz}
    engines: {node: ^6 || ^7 || ^8 || ^9 || ^10 || ^11 || ^12 || >=13.7}
    hasBin: true
    dependencies:
      caniuse-lite: 1.0.30001294
      electron-to-chromium: 1.4.31
      escalade: 3.1.1
      node-releases: 2.0.1
      picocolors: 1.0.0
    dev: false

  /buffer-crc32/0.2.13:
    resolution: {integrity: sha1-DTM+PwDqxQqhRUq9MO+MKl2ackI=}
    dev: true

  /buffer-from/1.1.2:
    resolution: {integrity: sha1-KxRqb9cugLT1XSVfNe1Zo6mkG9U=, tarball: buffer-from/download/buffer-from-1.1.2.tgz}
    dev: true

  /builtin-modules/3.2.0:
    resolution: {integrity: sha1-RdXbmefuXmvE82LgCL+RerUEmIc=, tarball: builtin-modules/download/builtin-modules-3.2.0.tgz}
    engines: {node: '>=6'}
    dev: true

  /callsites/3.1.0:
    resolution: {integrity: sha512-P8BjAsXvZS+VIDUI11hHCQEv74YT67YUi5JJFNWIqL235sBmjX4+qx9Muvls5ivyNENctx46xQLQ3aTuE7ssaQ==}
    engines: {node: '>=6'}
    dev: true

  /caniuse-lite/1.0.30001294:
    resolution: {integrity: sha512-LiMlrs1nSKZ8qkNhpUf5KD0Al1KCBE3zaT7OLOwEkagXMEDij98SiOovn9wxVGQpklk9vVC/pUSqgYmkmKOS8g==, tarball: caniuse-lite/download/caniuse-lite-1.0.30001294.tgz}
    dev: false

  /chalk/2.4.2:
    resolution: {integrity: sha1-zUJUFnelQzPPVBpJEIwUMrRMlCQ=, tarball: chalk/download/chalk-2.4.2.tgz}
    engines: {node: '>=4'}
    dependencies:
      ansi-styles: 3.2.1
      escape-string-regexp: 1.0.5
      supports-color: 5.5.0
    dev: true

  /chalk/4.1.2:
    resolution: {integrity: sha512-oKnbhFyRIXpUuez8iBMmyEa4nbj4IOQyuhc/wy9kY7/WVPcwIO9VA668Pu8RkO7+0G76SLROeyw9CpQ061i4mA==}
    engines: {node: '>=10'}
    dependencies:
      ansi-styles: 4.3.0
      supports-color: 7.2.0
    dev: true

  /chokidar/3.5.2:
    resolution: {integrity: sha512-ekGhOnNVPgT77r4K/U3GDhu+FQ2S8TnK/s2KbIGXi0SZWuwkZ2QNyfWdZW+TVfn84DpEP7rLeCt2UI6bJ8GwbQ==, tarball: chokidar/download/chokidar-3.5.2.tgz}
    engines: {node: '>= 8.10.0'}
    dependencies:
      anymatch: 3.1.2
      braces: 3.0.2
      glob-parent: 5.1.2
      is-binary-path: 2.1.0
      is-glob: 4.0.3
      normalize-path: 3.0.0
      readdirp: 3.6.0
    optionalDependencies:
      fsevents: 2.3.2
    dev: true

  /clean-css/4.2.4:
    resolution: {integrity: sha1-czv0brpOYHxokepXwkqYk1aDEXg=, tarball: clean-css/download/clean-css-4.2.4.tgz}
    engines: {node: '>= 4.0'}
    dependencies:
      source-map: 0.6.1
    dev: true

  /color-convert/1.9.3:
    resolution: {integrity: sha1-u3GFBpDh8TZWfeYp0tVHHe2kweg=, tarball: color-convert/download/color-convert-1.9.3.tgz}
    dependencies:
      color-name: 1.1.3
    dev: true

  /color-convert/2.0.1:
    resolution: {integrity: sha512-RRECPsj7iu/xb5oKYcsFHSppFNnsj/52OVTRKb4zP5onXwVF3zVmmToNcOfGC+CRDpfK/U584fMg38ZHCaElKQ==}
    engines: {node: '>=7.0.0'}
    dependencies:
      color-name: 1.1.4
    dev: true

  /color-name/1.1.3:
    resolution: {integrity: sha1-p9BVi9icQveV3UIyj3QIMcpTvCU=, tarball: color-name/download/color-name-1.1.3.tgz}
    dev: true

  /color-name/1.1.4:
    resolution: {integrity: sha512-dOy+3AuW3a2wNbZHIuMZpTcgjGuLU/uBL/ubcZF9OXbDo8ff4O8yVp5Bf0efS8uEoYo5q4Fx7dY9OgQGXgAsQA==}
    dev: true

  /commander/2.20.3:
    resolution: {integrity: sha512-GpVkmM8vF2vQUkj2LvZmD35JxeJOLCwJ9cUkugyk2nuhbv3+mJvpLYYt+0+USMxE+oj+ey/lJEnhZw75x/OMcQ==, tarball: commander/download/commander-2.20.3.tgz}
    dev: true

  /commondir/1.0.1:
    resolution: {integrity: sha1-3dgA2gxmEnOTzKWVDqloo6rxJTs=, tarball: commondir/download/commondir-1.0.1.tgz}
    dev: true

  /concat-map/0.0.1:
    resolution: {integrity: sha1-2Klr13/Wjfd5OnMDajug1UBdR3s=}
    dev: true

  /console-clear/1.1.1:
    resolution: {integrity: sha1-mV4gy/vxTdeStnLN44e9Eo1nS/c=, tarball: console-clear/download/console-clear-1.1.1.tgz}
    engines: {node: '>=4'}
    dev: true

  /core-js/3.20.2:
    resolution: {integrity: sha512-nuqhq11DcOAbFBV4zCbKeGbKQsUDRqTX0oqx7AttUBuqe3h20ixsE039QHelbL6P4h+9kytVqyEtyZ6gsiwEYw==, tarball: core-js/download/core-js-3.20.2.tgz}
    requiresBuild: true
    dev: true

  /cross-env/7.0.3:
    resolution: {integrity: sha512-+/HKd6EgcQCJGh2PSjZuUitQBQynKor4wrFbRg4DtAgS1aWO+gU52xpH7M9ScGgXSYmAVS9bIJ8EzuaGw0oNAw==}
    engines: {node: '>=10.14', npm: '>=6', yarn: '>=1'}
    hasBin: true
    dependencies:
      cross-spawn: 7.0.3
    dev: true

  /cross-spawn/7.0.3:
    resolution: {integrity: sha1-9zqFudXUHQRVUcF34ogtSshXKKY=, tarball: cross-spawn/download/cross-spawn-7.0.3.tgz}
    engines: {node: '>= 8'}
    dependencies:
      path-key: 3.1.1
      shebang-command: 2.0.0
      which: 2.0.2
    dev: true

  /cssesc/3.0.0:
    resolution: {integrity: sha1-N3QZGZA7hoVl4cCep0dEXNGJg+4=, tarball: cssesc/download/cssesc-3.0.0.tgz}
    engines: {node: '>=4'}
    hasBin: true
    dev: true

  /cuint/0.2.2:
    resolution: {integrity: sha1-QICG1AlVDCYxFVYZ6fp7ytw7mRs=, tarball: cuint/download/cuint-0.2.2.tgz}
    dev: true

  /dedent/0.7.0:
    resolution: {integrity: sha1-JJXduvbrh0q7Dhvp3yLS5aVEMmw=, tarball: dedent/download/dedent-0.7.0.tgz}
    dev: true

  /deepmerge/4.2.2:
    resolution: {integrity: sha1-RNLqNnm49NT/ujPwPYZfwee/SVU=, tarball: deepmerge/download/deepmerge-4.2.2.tgz}
    engines: {node: '>=0.10.0'}
    dev: true

  /dependency-graph/0.11.0:
    resolution: {integrity: sha1-rAzn7WilTaIhZahel6AdU/XrLic=, tarball: dependency-graph/download/dependency-graph-0.11.0.tgz}
    engines: {node: '>= 0.6.0'}
    dev: true

  /detect-indent/6.1.0:
    resolution: {integrity: sha512-reYkTUJAZb9gUuZ2RvVCNhVHdg62RHnJ7WJl8ftMi4diZ6NWlciOzQN88pUhSELEwflJht4oQDv0F0BMlwaYtA==}
    engines: {node: '>=8'}
    dev: true

  /electron-to-chromium/1.4.31:
    resolution: {integrity: sha512-t3XVQtk+Frkv6aTD4RRk0OqosU+VLe1dQFW83MDer78ZD6a52frgXuYOIsLYTQiH2Lm+JB2OKYcn7zrX+YGAiQ==, tarball: electron-to-chromium/download/electron-to-chromium-1.4.31.tgz}
    dev: false

  /emojis-list/3.0.0:
    resolution: {integrity: sha512-/kyM18EfinwXZbno9FyUGeFh87KC8HRQBQGildHZbEuRyWFOmv1U10o9BBp8XVZDVNNuQKyIGIu5ZYAAXJ0V2Q==}
    engines: {node: '>= 4'}
    dev: true

  /es6-promise/3.3.1:
    resolution: {integrity: sha1-oIzd6EzNvzTQJ6FFG8kdS80ophM=}
    dev: true

  /escalade/3.1.1:
    resolution: {integrity: sha1-2M/ccACWXFoBdLSoLqpcBVJ0LkA=, tarball: escalade/download/escalade-3.1.1.tgz}
    engines: {node: '>=6'}
    dev: false

  /escape-string-regexp/1.0.5:
    resolution: {integrity: sha1-G2HAViGQqN/2rjuyzwIAyhMLhtQ=, tarball: escape-string-regexp/download/escape-string-regexp-1.0.5.tgz}
    engines: {node: '>=0.8.0'}
    dev: true

  /escape-string-regexp/4.0.0:
    resolution: {integrity: sha1-FLqDpdNz49MR5a/KKc9b+tllvzQ=, tarball: escape-string-regexp/download/escape-string-regexp-4.0.0.tgz}
    engines: {node: '>=10'}
    dev: true

  /estree-walker/0.6.1:
    resolution: {integrity: sha1-UwSRQ/QMbrkYsjZx0f4yGfOhs2I=, tarball: estree-walker/download/estree-walker-0.6.1.tgz}
    dev: true

  /estree-walker/1.0.1:
    resolution: {integrity: sha1-MbxdYSyWtwQQa0d+bdXYqhOMtwA=, tarball: estree-walker/download/estree-walker-1.0.1.tgz}
    dev: true

  /estree-walker/2.0.2:
    resolution: {integrity: sha1-UvAQF4wqTBF6d1fP6UKtt9LaTKw=, tarball: estree-walker/download/estree-walker-2.0.2.tgz}
    dev: true

  /esutils/2.0.3:
    resolution: {integrity: sha1-dNLrTeC42hKTcRkQ1Qd1ubcQ72Q=, tarball: esutils/download/esutils-2.0.3.tgz}
    engines: {node: '>=0.10.0'}
    dev: true

  /fast-glob/3.2.7:
    resolution: {integrity: sha1-/Wy3otfpqnp4RhEehaGW1rL3ZqE=, tarball: fast-glob/download/fast-glob-3.2.7.tgz}
    engines: {node: '>=8'}
    dependencies:
      '@nodelib/fs.stat': 2.0.5
      '@nodelib/fs.walk': 1.2.8
      glob-parent: 5.1.2
      merge2: 1.4.1
      micromatch: 4.0.4
    dev: true

  /fastq/1.13.0:
    resolution: {integrity: sha1-YWdg+Ip1Jr38WWt8q4wYk4w2uYw=, tarball: fastq/download/fastq-1.13.0.tgz}
    dependencies:
      reusify: 1.0.4
    dev: true

  /fill-range/7.0.1:
    resolution: {integrity: sha1-GRmmp8df44ssfHflGYU12prN2kA=, tarball: fill-range/download/fill-range-7.0.1.tgz}
    engines: {node: '>=8'}
    dependencies:
      to-regex-range: 5.0.1
    dev: true

  /fraction.js/4.1.2:
    resolution: {integrity: sha512-o2RiJQ6DZaR/5+Si0qJUIy637QMRudSi9kU/FFzx9EZazrIdnBgpU+3sEWCxAVhH2RtxW2Oz+T4p2o8uOPVcgA==, tarball: fraction.js/download/fraction.js-4.1.2.tgz}
    dev: false

  /fs-extra/7.0.1:
    resolution: {integrity: sha1-TxicRKoSO4lfcigE9V6iPq3DSOk=, tarball: fs-extra/download/fs-extra-7.0.1.tgz}
    engines: {node: '>=6 <7 || >=8'}
    dependencies:
      graceful-fs: 4.2.8
      jsonfile: 4.0.0
      universalify: 0.1.2
    dev: true

  /fs.realpath/1.0.0:
    resolution: {integrity: sha1-FQStJSMVjKpA20onh8sBQRmU6k8=, tarball: fs.realpath/download/fs.realpath-1.0.0.tgz}
    dev: true

  /fsevents/2.3.2:
    resolution: {integrity: sha1-ilJveLj99GI7cJ4Ll1xSwkwC/Ro=, tarball: fsevents/download/fsevents-2.3.2.tgz}
    engines: {node: ^8.16.0 || ^10.6.0 || >=11.0.0}
    os: [darwin]
    requiresBuild: true
    dev: true
    optional: true

  /function-bind/1.1.1:
    resolution: {integrity: sha1-pWiZ0+o8m6uHS7l3O3xe3pL0iV0=, tarball: function-bind/download/function-bind-1.1.1.tgz}
    dev: true

  /get-port/3.2.0:
    resolution: {integrity: sha1-3Xzn3hh8Bsi/NTeWrHHgmfCYDrw=, tarball: get-port/download/get-port-3.2.0.tgz}
    engines: {node: '>=4'}
    dev: true

  /glob-parent/5.1.2:
    resolution: {integrity: sha1-hpgyxYA0/mikCTwX3BXoNA2EAcQ=, tarball: glob-parent/download/glob-parent-5.1.2.tgz}
    engines: {node: '>= 6'}
    dependencies:
      is-glob: 4.0.3
    dev: true

  /glob/7.1.6:
    resolution: {integrity: sha512-LwaxwyZ72Lk7vZINtNNrywX0ZuLyStrdDtabefZKAY5ZGJhVtgdznluResxNmPitE0SAO+O26sWTHeKSI2wMBA==, tarball: glob/download/glob-7.1.6.tgz}
    dependencies:
      fs.realpath: 1.0.0
      inflight: 1.0.6
      inherits: 2.0.4
      minimatch: 3.0.4
      once: 1.4.0
      path-is-absolute: 1.0.1
    dev: true

  /graceful-fs/4.2.8:
    resolution: {integrity: sha512-qkIilPUYcNhJpd33n0GBXTB1MMPp14TxEsEs0pTrsSVucApsYzW5V+Q8Qxhik6KU3evy+qkAAowTByymK0avdg==}
    dev: true

  /has-flag/3.0.0:
    resolution: {integrity: sha1-tdRU3CGZriJWmfNGfloH87lVuv0=, tarball: has-flag/download/has-flag-3.0.0.tgz}
    engines: {node: '>=4'}
    dev: true

  /has-flag/4.0.0:
    resolution: {integrity: sha512-EykJT/Q1KjTWctppgIAgfSO0tKVuZUjhgMr17kqTumMl6Afv3EISleU7qZUzoXDFTAHTDC4NOoG/ZxU3EvlMPQ==}
    engines: {node: '>=8'}
    dev: true

  /has/1.0.3:
    resolution: {integrity: sha1-ci18v8H2qoJB8W3YFOAR4fQeh5Y=, tarball: has/download/has-1.0.3.tgz}
    engines: {node: '>= 0.4.0'}
    dependencies:
      function-bind: 1.1.1
    dev: true

  /identifierfy/2.0.0:
    resolution: {integrity: sha1-gpIqM3keKLTk0RndG8SiDJppycA=, tarball: identifierfy/download/identifierfy-2.0.0.tgz}
    engines: {node: '>= 6'}
    dependencies:
      esutils: 2.0.3
    dev: true

  /import-fresh/3.3.0:
    resolution: {integrity: sha512-veYYhQa+D1QBKznvhUHxb8faxlrwUnxseDAbAp457E0wLNio2bOSKnjYDhMj+YiAq61xrMGhQk9iXVk5FzgQMw==}
    engines: {node: '>=6'}
    dependencies:
      parent-module: 1.0.1
      resolve-from: 4.0.0
    dev: true

  /imurmurhash/0.1.4:
    resolution: {integrity: sha1-khi5srkoojixPcT7a21XbyMUU+o=, tarball: imurmurhash/download/imurmurhash-0.1.4.tgz}
    engines: {node: '>=0.8.19'}
    dev: true

  /inflight/1.0.6:
    resolution: {integrity: sha1-Sb1jMdfQLQwJvJEKEHW6gWW1bfk=, tarball: inflight/download/inflight-1.0.6.tgz}
    dependencies:
      once: 1.4.0
      wrappy: 1.0.2
    dev: true

  /inherits/2.0.3:
    resolution: {integrity: sha1-Yzwsg+PaQqUC9SRmAiSA9CCCYd4=, tarball: inherits/download/inherits-2.0.3.tgz}
    dev: true

  /inherits/2.0.4:
    resolution: {integrity: sha1-D6LGT5MpF8NDOg3tVTY6rjdBa3w=, tarball: inherits/download/inherits-2.0.4.tgz}
    dev: true

  /is-binary-path/2.1.0:
    resolution: {integrity: sha1-6h9/O4DwZCNug0cPhsCcJU+0Wwk=, tarball: is-binary-path/download/is-binary-path-2.1.0.tgz}
    engines: {node: '>=8'}
    dependencies:
      binary-extensions: 2.2.0
    dev: true

  /is-core-module/2.8.0:
    resolution: {integrity: sha1-AyEzbD0JJeSX/Zf12VyxFKXM1Ug=, tarball: is-core-module/download/is-core-module-2.8.0.tgz}
    dependencies:
      has: 1.0.3
    dev: true

  /is-extglob/2.1.1:
    resolution: {integrity: sha1-qIwCU1eR8C7TfHahueqXc8gz+MI=, tarball: is-extglob/download/is-extglob-2.1.1.tgz}
    engines: {node: '>=0.10.0'}
    dev: true

  /is-glob/4.0.3:
    resolution: {integrity: sha1-ZPYeQsu7LuwgcanawLKLoeZdUIQ=, tarball: is-glob/download/is-glob-4.0.3.tgz}
    engines: {node: '>=0.10.0'}
    dependencies:
      is-extglob: 2.1.1
    dev: true

  /is-module/1.0.0:
    resolution: {integrity: sha1-Mlj7afeMFNW4FdZkM2tM/7ZEFZE=, tarball: is-module/download/is-module-1.0.0.tgz}
    dev: true

  /is-number/7.0.0:
    resolution: {integrity: sha1-dTU0W4lnNNX4DE0GxQlVUnoU8Ss=, tarball: is-number/download/is-number-7.0.0.tgz}
    engines: {node: '>=0.12.0'}
    dev: true

  /is-reference/1.2.1:
    resolution: {integrity: sha1-iy2sCzcfS8mU/eq6nrVC0DAC0Lc=, tarball: is-reference/download/is-reference-1.2.1.tgz}
    dependencies:
      '@types/estree': 0.0.50
    dev: true

  /isexe/2.0.0:
    resolution: {integrity: sha1-6PvzdNxVb/iUehDcsFctYz8s+hA=, tarball: isexe/download/isexe-2.0.0.tgz}
    dev: true

  /jest-worker/26.6.2:
    resolution: {integrity: sha1-f3LLxNZDw2Xie5/XdfnQ6qnHqO0=, tarball: jest-worker/download/jest-worker-26.6.2.tgz}
    engines: {node: '>= 10.13.0'}
    dependencies:
      '@types/node': 16.11.17
      merge-stream: 2.0.0
      supports-color: 7.2.0
    dev: true

  /js-tokens/4.0.0:
    resolution: {integrity: sha1-GSA/tZmR35jjoocFDUZHzerzJJk=, tarball: js-tokens/download/js-tokens-4.0.0.tgz}
    dev: true

  /json5/2.2.0:
    resolution: {integrity: sha512-f+8cldu7X/y7RAJurMEJmdoKXGB/X550w2Nr3tTbezL6RwEE/iMcm+tZnXeoZtKuOq6ft8+CqzEkrIgx1fPoQA==}
    engines: {node: '>=6'}
    hasBin: true
    dependencies:
      minimist: 1.2.5
    dev: true

  /jsonfile/4.0.0:
    resolution: {integrity: sha1-h3Gq4HmbZAdrdmQPygWPnBDjPss=, tarball: jsonfile/download/jsonfile-4.0.0.tgz}
    optionalDependencies:
      graceful-fs: 4.2.8
    dev: true

  /kleur/3.0.3:
    resolution: {integrity: sha1-p5yezIbuHOP6YgbRIWxQHxR/wH4=, tarball: kleur/download/kleur-3.0.3.tgz}
    engines: {node: '>=6'}
    dev: true

  /livereload-js/3.3.2:
    resolution: {integrity: sha1-yIsAnG5GaxW5H6om/XyZ1iDhJlE=, tarball: livereload-js/download/livereload-js-3.3.2.tgz}
    dev: true

  /livereload/0.9.3:
    resolution: {integrity: sha1-pxSBY3XtUkcUCL7ei0my7moMVbE=, tarball: livereload/download/livereload-0.9.3.tgz}
    engines: {node: '>=8.0.0'}
    hasBin: true
    dependencies:
      chokidar: 3.5.2
      livereload-js: 3.3.2
      opts: 2.0.2
      ws: 7.5.6
    transitivePeerDependencies:
      - bufferutil
      - utf-8-validate
    dev: true

  /loader-utils/2.0.2:
    resolution: {integrity: sha512-TM57VeHptv569d/GKh6TAYdzKblwDNiumOdkFnejjD0XwTH87K90w3O7AiJRqdQoXygvi1VQTJTLGhJl7WqA7A==}
    engines: {node: '>=8.9.0'}
    dependencies:
      big.js: 5.2.2
      emojis-list: 3.0.0
      json5: 2.2.0
    dev: true

  /local-access/1.1.0:
    resolution: {integrity: sha1-4AfHa6LKg9WHe6GhJfyN/iO6R5g=, tarball: local-access/download/local-access-1.1.0.tgz}
    engines: {node: '>=6'}
    dev: true

  /lodash/4.17.21:
    resolution: {integrity: sha512-v2kDEe57lecTulaDIuNTPy3Ry4gLGJ6Z1O3vE1krgXZNrsQ+LFTGHVxVjcXPs17LhbZVGedAJv8XZ1tvj5FvSg==, tarball: lodash/download/lodash-4.17.21.tgz}
    dev: true

  /magic-string/0.25.7:
    resolution: {integrity: sha512-4CrMT5DOHTDk4HYDlzmwu4FVCcIYI8gauveasrdCu2IKIFOJ3f0v/8MDGJCDL9oD2ppz/Av1b0Nj345H9M+XIA==}
    dependencies:
      sourcemap-codec: 1.4.8
    dev: true

  /make-dir/3.1.0:
    resolution: {integrity: sha1-QV6WcEazp/HRhSd9hKpYIDcmoT8=, tarball: make-dir/download/make-dir-3.1.0.tgz}
    engines: {node: '>=8'}
    dependencies:
      semver: 6.3.0
    dev: true

  /merge-stream/2.0.0:
    resolution: {integrity: sha1-UoI2KaFN0AyXcPtq1H3GMQ8sH2A=, tarball: merge-stream/download/merge-stream-2.0.0.tgz}
    dev: true

  /merge2/1.4.1:
    resolution: {integrity: sha1-Q2iJL4hekHRVpv19xVwMnUBJkK4=, tarball: merge2/download/merge2-1.4.1.tgz}
    engines: {node: '>= 8'}
    dev: true

  /micromatch/4.0.4:
    resolution: {integrity: sha1-iW1Rnf6dsl/OlM63pQCRm/iB6/k=, tarball: micromatch/download/micromatch-4.0.4.tgz}
    engines: {node: '>=8.6'}
    dependencies:
      braces: 3.0.2
      picomatch: 2.3.0
    dev: true

  /mime/2.5.2:
    resolution: {integrity: sha1-bj3GzCuVEGQ4MOXxnVy3U9pe6r4=, tarball: mime/download/mime-2.5.2.tgz}
    engines: {node: '>=4.0.0'}
    hasBin: true
    dev: true

  /min-indent/1.0.1:
    resolution: {integrity: sha512-I9jwMn07Sy/IwOj3zVkVik2JTvgpaykDZEigL6Rx6N9LbMywwUSMtxET+7lVoDLLd3O3IXwJwvuuns8UB/HeAg==}
    engines: {node: '>=4'}
    dev: true

  /minimatch/3.0.4:
    resolution: {integrity: sha512-yJHVQEhyqPLUTgt9B83PXu6W3rx4MvvHvSUvToogpwoGDOUQ+yDrR0HRot+yOCdCO7u4hX3pWft6kWBBcqh0UA==}
    dependencies:
      brace-expansion: 1.1.11
    dev: true

  /minimist/1.2.5:
    resolution: {integrity: sha512-FM9nNUYrRBAELZQT3xeZQ7fmMOBg6nWNmJKTcgsJeaLstP/UODVpGsr5OhXhhXg6f+qtJ8uiZ+PUxkDWcgIXLw==}
    dev: true

  /mkdirp/0.5.5:
    resolution: {integrity: sha512-NKmAlESf6jMGym1++R0Ra7wvhV+wFW63FaSOFPwRahvea0gMUcGUhVeAg/0BC0wiv9ih5NYPB1Wn1UEI1/L+xQ==}
    hasBin: true
    dependencies:
      minimist: 1.2.5
    dev: true

  /mri/1.2.0:
    resolution: {integrity: sha512-tzzskb3bG8LvYGFF/mDTpq3jpI6Q9wc3LEmBaghu+DdCssd1FakN7Bc0hVNmEyGq1bq3RgfkCb3cmQLpNPOroA==}
    engines: {node: '>=4'}
    dev: true

  /mrmime/1.0.0:
    resolution: {integrity: sha1-FNOH8FhaUjPSkbq6M5sGN1KiOYs=, tarball: mrmime/download/mrmime-1.0.0.tgz}
    engines: {node: '>=10'}
    dev: true

  /nanoid/3.1.30:
    resolution: {integrity: sha512-zJpuPDwOv8D2zq2WRoMe1HsfZthVewpel9CAvTfc/2mBD1uUT/agc5f7GHGWXlYkFvi1mVxe4IjvP2HNrop7nQ==, tarball: nanoid/download/nanoid-3.1.30.tgz}
    engines: {node: ^10 || ^12 || ^13.7 || ^14 || >=15.0.1}
    hasBin: true
    dev: true

  /node-releases/2.0.1:
    resolution: {integrity: sha1-PR05XyBPHy8ppUNYuftnh2WtL8U=, tarball: node-releases/download/node-releases-2.0.1.tgz}
    dev: false

  /normalize-path/3.0.0:
    resolution: {integrity: sha1-Dc1p/yOhybEf0JeDFmRKA4ghamU=, tarball: normalize-path/download/normalize-path-3.0.0.tgz}
    engines: {node: '>=0.10.0'}
    dev: true

  /normalize-range/0.1.2:
    resolution: {integrity: sha1-LRDAa9/TEuqXd2laTShDlFa3WUI=, tarball: normalize-range/download/normalize-range-0.1.2.tgz}
    engines: {node: '>=0.10.0'}
    dev: false

  /once/1.4.0:
    resolution: {integrity: sha1-WDsap3WWHUsROsF9nFC6753Xa9E=, tarball: once/download/once-1.4.0.tgz}
    dependencies:
      wrappy: 1.0.2
    dev: true

  /opts/2.0.2:
    resolution: {integrity: sha1-oX4Yn7v+4XHaVZ7dikJCO8WZPOE=, tarball: opts/download/opts-2.0.2.tgz}
    dev: true

  /os/0.1.2:
    resolution: {integrity: sha512-ZoXJkvAnljwvc56MbvhtKVWmSkzV712k42Is2mA0+0KTSRakq5XXuXpjZjgAt9ctzl51ojhQWakQQpmOvXWfjQ==, tarball: os/download/os-0.1.2.tgz}
    dev: true

  /parent-module/1.0.1:
    resolution: {integrity: sha512-GQ2EWRpQV8/o+Aw8YqtfZZPfNRWZYkbidE9k5rpl/hC3vtHHBfGm2Ifi6qWV+coDGkrUKZAxE3Lot5kcsRlh+g==}
    engines: {node: '>=6'}
    dependencies:
      callsites: 3.1.0
    dev: true

  /path-is-absolute/1.0.1:
    resolution: {integrity: sha1-F0uSaHNVNP+8es5r9TpanhtcX18=, tarball: path-is-absolute/download/path-is-absolute-1.0.1.tgz}
    engines: {node: '>=0.10.0'}
    dev: true

  /path-key/3.1.1:
    resolution: {integrity: sha1-WB9q3mWMu6ZaDTOA3ndTKVBU83U=, tarball: path-key/download/path-key-3.1.1.tgz}
    engines: {node: '>=8'}
    dev: true

  /path-parse/1.0.7:
    resolution: {integrity: sha1-+8EUtgykKzDZ2vWFjkvWi77bZzU=, tarball: path-parse/download/path-parse-1.0.7.tgz}
    dev: true

  /path/0.12.7:
    resolution: {integrity: sha1-1NwqUGxM4hl+tIHr/NWzbAFAsQ8=, tarball: path/download/path-0.12.7.tgz?cache=0&sync_timestamp=1636014967117&other_urls=https%3A%2F%2Fregistry.npmmirror.com%2Fpath%2Fdownload%2Fpath-0.12.7.tgz}
    dependencies:
      process: 0.11.10
      util: 0.10.4
    dev: true

  /picocolors/1.0.0:
    resolution: {integrity: sha1-y1vcdP8/UYkiNur3nWi8RFZKuBw=, tarball: picocolors/download/picocolors-1.0.0.tgz}

  /picomatch/2.3.0:
    resolution: {integrity: sha1-8fBh3o9qS/AiiS4tEoI0+5gwKXI=, tarball: picomatch/download/picomatch-2.3.0.tgz}
    engines: {node: '>=8.6'}
    dev: true

  /postcss-selector-parser/6.0.8:
    resolution: {integrity: sha512-D5PG53d209Z1Uhcc0qAZ5U3t5HagH3cxu+WLZ22jt3gLUpXM4eXXfiO14jiDWST3NNooX/E8wISfOhZ9eIjGTQ==, tarball: postcss-selector-parser/download/postcss-selector-parser-6.0.8.tgz}
    engines: {node: '>=4'}
    dependencies:
      cssesc: 3.0.0
      util-deprecate: 1.0.2
    dev: true

  /postcss-url/10.1.3_postcss@8.4.5:
    resolution: {integrity: sha1-VBIMyRAwniR17AXCz6j4ot6v3x4=, tarball: postcss-url/download/postcss-url-10.1.3.tgz}
    engines: {node: '>=10'}
    peerDependencies:
      postcss: ^8.0.0
    dependencies:
      make-dir: 3.1.0
      mime: 2.5.2
      minimatch: 3.0.4
      postcss: 8.4.5
      xxhashjs: 0.2.2
    dev: true

  /postcss-value-parser/4.2.0:
    resolution: {integrity: sha512-1NNCs6uurfkVbeXG4S8JFT9t19m45ICnif8zWLd5oPSZ50QnwMfK+H3jv408d4jw/7Bttv5axS5IiHoLaVNHeQ==, tarball: postcss-value-parser/download/postcss-value-parser-4.2.0.tgz}

  /postcss/8.4.5:
    resolution: {integrity: sha512-jBDboWM8qpaqwkMwItqTQTiFikhs/67OYVvblFFTM7MrZjt6yMKd6r2kgXizEbTTljacm4NldIlZnhbjr84QYg==, tarball: postcss/download/postcss-8.4.5.tgz}
    engines: {node: ^10 || ^12 || >=14}
    dependencies:
      nanoid: 3.1.30
      picocolors: 1.0.0
      source-map-js: 1.0.1
    dev: true

  /process/0.11.10:
    resolution: {integrity: sha1-czIwDoQBYb2j5podHZGn1LwW8YI=, tarball: process/download/process-0.11.10.tgz}
    engines: {node: '>= 0.6.0'}
    dev: true

  /queue-microtask/1.2.3:
    resolution: {integrity: sha1-SSkii7xyTfrEPg77BYyve2z7YkM=, tarball: queue-microtask/download/queue-microtask-1.2.3.tgz}
    dev: true

  /randombytes/2.1.0:
    resolution: {integrity: sha1-32+ENy8CcNxlzfYpE0mrekc9Tyo=, tarball: randombytes/download/randombytes-2.1.0.tgz}
    dependencies:
      safe-buffer: 5.1.2
    dev: true

  /readdirp/3.6.0:
    resolution: {integrity: sha1-dKNwvYVxFuJFspzJc0DNQxoCpsc=, tarball: readdirp/download/readdirp-3.6.0.tgz}
    engines: {node: '>=8.10.0'}
    dependencies:
      picomatch: 2.3.0
    dev: true

  /reflect-metadata/0.1.13:
    resolution: {integrity: sha1-Z648pXyXKiqhZCsQ/jY/4y1J3Ag=, tarball: reflect-metadata/download/reflect-metadata-0.1.13.tgz}
    dev: true

  /require-relative/0.8.7:
    resolution: {integrity: sha1-eZlTn8ngR6N5KPoZb44VY9q9Nt4=, tarball: require-relative/download/require-relative-0.8.7.tgz}
    dev: true

  /resolve-from/4.0.0:
    resolution: {integrity: sha512-pb/MYmXstAkysRFx8piNI1tGFNQIFA3vkE3Gq4EuA1dF6gHp/+vgZqsCGJapvy8N3Q+4o7FwvquPJcnZ7RYy4g==}
    engines: {node: '>=4'}
    dev: true

  /resolve-from/5.0.0:
    resolution: {integrity: sha1-w1IlhD3493bfIcV1V7wIfp39/Gk=, tarball: resolve-from/download/resolve-from-5.0.0.tgz}
    engines: {node: '>=8'}
    dev: true

  /resolve/1.20.0:
    resolution: {integrity: sha1-YpoBP7P3B1XW8LeTXMHCxTeLGXU=, tarball: resolve/download/resolve-1.20.0.tgz}
    dependencies:
      is-core-module: 2.8.0
      path-parse: 1.0.7
    dev: true

  /reusify/1.0.4:
    resolution: {integrity: sha1-kNo4Kx4SbvwCFG6QhFqI2xKSXXY=, tarball: reusify/download/reusify-1.0.4.tgz}
    engines: {iojs: '>=1.0.0', node: '>=0.10.0'}
    dev: true

  /rimraf/2.7.1:
    resolution: {integrity: sha512-uWjbaKIK3T1OSVptzX7Nl6PvQ3qAGtKEtVRjRuazjfL3Bx5eI409VZSqgND+4UNnmzLVdPj9FqFJNPqBZFve4w==}
    hasBin: true
    dependencies:
      glob: 7.1.6
    dev: true

  /rimraf/3.0.2:
    resolution: {integrity: sha512-JZkJMZkAGFFPP2YqXZXPbMlMBgsxzE8ILs4lMIX/2o0L9UBw9O/Y3o6wFw/i9YLapcUJWwqbi3kdxIPdC62TIA==}
    hasBin: true
    dependencies:
      glob: 7.1.6
    dev: true

  /rollup-plugin-css-only/3.1.0_rollup@2.62.0:
    resolution: {integrity: sha1-anAcxbBRxrPwlh5psQipoRjhsd8=, tarball: rollup-plugin-css-only/download/rollup-plugin-css-only-3.1.0.tgz}
    engines: {node: '>=10.12.0'}
    peerDependencies:
      rollup: 1 || 2
    dependencies:
      '@rollup/pluginutils': 4.1.2
      rollup: 2.62.0
    dev: true

  /rollup-plugin-css-porter/1.0.2:
    resolution: {integrity: sha1-nsfQYNB5808LvI8Lqa+Cb5X2wjs=, tarball: rollup-plugin-css-porter/download/rollup-plugin-css-porter-1.0.2.tgz}
    dependencies:
      os: 0.1.2
      clean-css: 4.2.4
      fs-extra: 7.0.1
      path: 0.12.7
      rollup-pluginutils: 2.8.2
    dev: true

  /rollup-plugin-livereload/2.0.5:
    resolution: {integrity: sha1-R0f6KSoszrDJcsVz1xs9ZrQlKzc=, tarball: rollup-plugin-livereload/download/rollup-plugin-livereload-2.0.5.tgz}
    engines: {node: '>=8.3'}
    dependencies:
      livereload: 0.9.3
    transitivePeerDependencies:
      - bufferutil
      - utf-8-validate
    dev: true

  /rollup-plugin-multi-input/1.3.1:
    resolution: {integrity: sha1-B7kDthjABYcf6hvQxO+ufRqsT6E=, tarball: rollup-plugin-multi-input/download/rollup-plugin-multi-input-1.3.1.tgz}
    dependencies:
      core-js: 3.20.2
      fast-glob: 3.2.7
      lodash: 4.17.21
    dev: true

  /rollup-plugin-svelte/7.1.0_rollup@2.62.0+svelte@3.44.3:
    resolution: {integrity: sha1-1F8rkrEBS+TrRrVaoDP7mpxl8E0=, tarball: rollup-plugin-svelte/download/rollup-plugin-svelte-7.1.0.tgz}
    engines: {node: '>=10'}
    peerDependencies:
      rollup: '>=2.0.0'
      svelte: '>=3.5.0'
    dependencies:
      require-relative: 0.8.7
      rollup: 2.62.0
      rollup-pluginutils: 2.8.2
      svelte: 3.44.3
    dev: true

  /rollup-plugin-terser/7.0.2_rollup@2.62.0:
    resolution: {integrity: sha1-6Pu6SGmYGy3DWufopQLVxsBNMk0=, tarball: rollup-plugin-terser/download/rollup-plugin-terser-7.0.2.tgz}
    peerDependencies:
      rollup: ^2.0.0
    dependencies:
      '@babel/code-frame': 7.16.7
      jest-worker: 26.6.2
      rollup: 2.62.0
      serialize-javascript: 4.0.0
      terser: 5.10.0
    transitivePeerDependencies:
      - acorn
    dev: true

  /rollup-pluginutils/2.8.2:
    resolution: {integrity: sha1-cvKvB0i1kjZNvTOJ5gDlqURKNR4=, tarball: rollup-pluginutils/download/rollup-pluginutils-2.8.2.tgz}
    dependencies:
      estree-walker: 0.6.1
    dev: true

  /rollup/2.62.0:
    resolution: {integrity: sha512-cJEQq2gwB0GWMD3rYImefQTSjrPYaC6s4J9pYqnstVLJ1CHa/aZNVkD4Epuvg4iLeMA4KRiq7UM7awKK6j7jcw==, tarball: rollup/download/rollup-2.62.0.tgz}
    engines: {node: '>=10.0.0'}
    hasBin: true
    optionalDependencies:
      fsevents: 2.3.2
    dev: true

  /run-parallel/1.2.0:
    resolution: {integrity: sha1-ZtE2jae9+SHrnZW9GpIp5/IaQ+4=, tarball: run-parallel/download/run-parallel-1.2.0.tgz}
    dependencies:
      queue-microtask: 1.2.3
    dev: true

  /sade/1.7.4:
    resolution: {integrity: sha512-y5yauMD93rX840MwUJr7C1ysLFBgMspsdTo4UVrDg3fXDvtwOyIqykhVAAm6fk/3au77773itJStObgK+LKaiA==}
    engines: {node: '>= 6'}
    dependencies:
      mri: 1.2.0
    dev: true

  /safe-buffer/5.1.2:
    resolution: {integrity: sha1-mR7GnSluAxN0fVm9/St0XDX4go0=, tarball: safe-buffer/download/safe-buffer-5.1.2.tgz}
    dev: true

  /sander/0.5.1:
    resolution: {integrity: sha1-dB4kXiMfB8r7b98PEzrfohalAq0=}
    dependencies:
      es6-promise: 3.3.1
      graceful-fs: 4.2.8
      mkdirp: 0.5.5
      rimraf: 2.7.1
    dev: true

  /semiver/1.1.0:
    resolution: {integrity: sha1-nJf7AsIcfOT88bc+LHokMkvd3V8=, tarball: semiver/download/semiver-1.1.0.tgz}
    engines: {node: '>=6'}
    dev: true

  /semver/6.3.0:
    resolution: {integrity: sha1-7gpkyK9ejO6mdoexM3YeG+y9HT0=, tarball: semver/download/semver-6.3.0.tgz?cache=0&sync_timestamp=1634019726791&other_urls=https%3A%2F%2Fregistry.npmmirror.com%2Fsemver%2Fdownload%2Fsemver-6.3.0.tgz}
    hasBin: true
    dev: true

  /serialize-javascript/4.0.0:
    resolution: {integrity: sha1-tSXhI4SJpez8Qq+sw/6Z5mb0sao=, tarball: serialize-javascript/download/serialize-javascript-4.0.0.tgz}
    dependencies:
      randombytes: 2.1.0
    dev: true

  /shebang-command/2.0.0:
    resolution: {integrity: sha1-zNCvT4g1+9wmW4JGGq8MNmY/NOo=, tarball: shebang-command/download/shebang-command-2.0.0.tgz}
    engines: {node: '>=8'}
    dependencies:
      shebang-regex: 3.0.0
    dev: true

  /shebang-regex/3.0.0:
    resolution: {integrity: sha1-rhbxZE2HPsrYQ7AwexQzYtTEIXI=, tarball: shebang-regex/download/shebang-regex-3.0.0.tgz}
    engines: {node: '>=8'}
    dev: true

  /sirv-cli/1.0.14:
    resolution: {integrity: sha1-S8YEIbPenK6oDM0pK1AErKTOPIE=, tarball: sirv-cli/download/sirv-cli-1.0.14.tgz}
    engines: {node: '>= 10'}
    hasBin: true
    dependencies:
      console-clear: 1.1.1
      get-port: 3.2.0
      kleur: 3.0.3
      local-access: 1.1.0
      sade: 1.7.4
      semiver: 1.1.0
      sirv: 1.0.19
      tinydate: 1.3.0
    dev: true

  /sirv/1.0.19:
    resolution: {integrity: sha512-JuLThK3TnZG1TAKDwNIqNq6QA2afLOCcm+iE8D1Kj3GA40pSPsxQjjJl0J8X3tsR7T+CP1GavpzLwYkgVLWrZQ==, tarball: sirv/download/sirv-1.0.19.tgz}
    engines: {node: '>= 10'}
    dependencies:
      '@polka/url': 1.0.0-next.21
      mrmime: 1.0.0
      totalist: 1.1.0
    dev: true

  /slash/3.0.0:
    resolution: {integrity: sha1-ZTm+hwwWWtvVJAIg2+Nh8bxNRjQ=, tarball: slash/download/slash-3.0.0.tgz}
    engines: {node: '>=8'}
    dev: true

  /sorcery/0.10.0:
    resolution: {integrity: sha1-iukK19fLBfxZ8asMY3hF1cFaUrc=}
    hasBin: true
    dependencies:
      buffer-crc32: 0.2.13
      minimist: 1.2.5
      sander: 0.5.1
      sourcemap-codec: 1.4.8
    dev: true

  /source-map-js/1.0.1:
    resolution: {integrity: sha512-4+TN2b3tqOCd/kaGRJ/sTYA0tR0mdXx26ipdolxcwtJVqEnqNYvlCAt1q3ypy4QMlYus+Zh34RNtYLoq2oQ4IA==, tarball: source-map-js/download/source-map-js-1.0.1.tgz}
    engines: {node: '>=0.10.0'}
    dev: true

  /source-map-support/0.5.21:
    resolution: {integrity: sha512-uBHU3L3czsIyYXKX88fdrGovxdSCoTGDRZ6SYXtSRxLZUzHg5P/66Ht6uoUlHu9EZod+inXhKo3qQgwXUT/y1w==, tarball: source-map-support/download/source-map-support-0.5.21.tgz?cache=0&sync_timestamp=1637332000789&other_urls=https%3A%2F%2Fregistry.npmmirror.com%2Fsource-map-support%2Fdownload%2Fsource-map-support-0.5.21.tgz}
    dependencies:
      buffer-from: 1.1.2
      source-map: 0.6.1
    dev: true

  /source-map/0.6.1:
    resolution: {integrity: sha1-dHIq8y6WFOnCh6jQu95IteLxomM=, tarball: source-map/download/source-map-0.6.1.tgz}
    engines: {node: '>=0.10.0'}
    dev: true

  /source-map/0.7.3:
    resolution: {integrity: sha1-UwL4FpAxc1ImVECS5kmB91F1A4M=, tarball: source-map/download/source-map-0.7.3.tgz}
    engines: {node: '>= 8'}
    dev: true

  /sourcemap-codec/1.4.8:
    resolution: {integrity: sha512-9NykojV5Uih4lgo5So5dtw+f0JgJX30KCNI8gwhz2J9A15wD0Ml6tjHKwf6fTSa6fAdVBdZeNOs9eJ71qCk8vA==}
    dev: true

  /strip-indent/3.0.0:
    resolution: {integrity: sha512-laJTa3Jb+VQpaC6DseHhF7dXVqHTfJPCRDaEbid/drOhgitgYku/letMUqOXFoWV0zIIUbjpdH2t+tYj4bQMRQ==}
    engines: {node: '>=8'}
    dependencies:
      min-indent: 1.0.1
    dev: true

  /supports-color/5.5.0:
    resolution: {integrity: sha1-4uaaRKyHcveKHsCzW2id9lMO/I8=, tarball: supports-color/download/supports-color-5.5.0.tgz}
    engines: {node: '>=4'}
    dependencies:
      has-flag: 3.0.0
    dev: true

  /supports-color/7.2.0:
    resolution: {integrity: sha512-qpCAvRl9stuOHveKsn7HncJRvv501qIacKzQlO/+Lwxc9+0q2wLyv4Dfvt80/DPn2pqOBsJdDiogXGR9+OvwRw==}
    engines: {node: '>=8'}
    dependencies:
      has-flag: 4.0.0
    dev: true

  /svelte-check/2.2.11_postcss@8.4.5+svelte@3.44.3:
    resolution: {integrity: sha512-clotPGGZPj3LuS9qP1lk+Wwnsj+js42ehCPmHk+qtyaQh/dU95e0qkpPmtmOMYHN6My5Y75XqeN1QNLj5V5gwA==}
    hasBin: true
    peerDependencies:
      svelte: ^3.24.0
    dependencies:
      chalk: 4.1.2
      chokidar: 3.5.2
      fast-glob: 3.2.7
      import-fresh: 3.3.0
      minimist: 1.2.5
      sade: 1.7.4
      source-map: 0.7.3
      svelte: 3.44.3
      svelte-preprocess: 4.10.1_a77feb17e2d98801e15b65bd7ff1b1f2
      typescript: 4.5.4
    transitivePeerDependencies:
      - '@babel/core'
      - coffeescript
      - less
      - node-sass
      - postcss
      - postcss-load-config
      - pug
      - sass
      - stylus
      - sugarss
    dev: true

  /svelte-dev-helper/1.1.9:
    resolution: {integrity: sha1-fRh9tcbNu9ZNdaMvkbiZi94yc8M=}
    dev: true

  /svelte-hmr/0.12.9_svelte@3.44.3:
    resolution: {integrity: sha512-SGE7Odznj4dqZtUVIWcoPCvZ9gHImxVIIjrz+O3DDSi0j4OaSLim6MRF4UdhlBKeW3glSRc+tXNSKYvM5x+Dyw==}
    peerDependencies:
      svelte: '>=3.19.0'
    dependencies:
      svelte: 3.44.3
    dev: true

  /svelte-loader/3.1.1_svelte@3.44.3:
    resolution: {integrity: sha512-JU7qo1yBdDeJ3Aw23WoGKXrVaSn3KeWkM9KMl43HuMVFrsPNHIzZHTsf1ARJX/Abm3jeqNjigaO35RVbixhmWg==}
    peerDependencies:
      svelte: '>3.0.0'
    dependencies:
      loader-utils: 2.0.2
      svelte: 3.44.3
      svelte-dev-helper: 1.1.9
      svelte-hmr: 0.12.9_svelte@3.44.3
    dev: true

  /svelte-preprocess/4.10.1_a77feb17e2d98801e15b65bd7ff1b1f2:
    resolution: {integrity: sha512-NSNloaylf+o9UeyUR2KvpdxrAyMdHl3U7rMnoP06/sG0iwJvlUM4TpMno13RaNqovh4AAoGsx1jeYcIyuGUXMw==}
    engines: {node: '>= 9.11.2'}
    requiresBuild: true
    peerDependencies:
      '@babel/core': ^7.10.2
      coffeescript: ^2.5.1
      less: ^3.11.3
      node-sass: '*'
      postcss: ^7 || ^8
      postcss-load-config: ^2.1.0 || ^3.0.0
      pug: ^3.0.0
      sass: ^1.26.8
      stylus: ^0.54.7
      sugarss: ^2.0.0
      svelte: ^3.23.0
      typescript: ^4.5.2
    peerDependenciesMeta:
      '@babel/core':
        optional: true
      coffeescript:
        optional: true
      less:
        optional: true
      node-sass:
        optional: true
      postcss:
        optional: true
      postcss-load-config:
        optional: true
      pug:
        optional: true
      sass:
        optional: true
      stylus:
        optional: true
      sugarss:
        optional: true
      typescript:
        optional: true
    dependencies:
      '@types/pug': 2.0.6
      '@types/sass': 1.43.1
      detect-indent: 6.1.0
      magic-string: 0.25.7
      postcss: 8.4.5
      sorcery: 0.10.0
      strip-indent: 3.0.0
      svelte: 3.44.3
      typescript: 4.5.4
    dev: true

  /svelte/3.44.3:
    resolution: {integrity: sha512-aGgrNCip5PQFNfq9e9tmm7EYxWLVHoFsEsmKrtOeRD8dmoGDdyTQ+21xd7qgFd8MNdKGSYvg7F9dr+Tc0yDymg==, tarball: svelte/download/svelte-3.44.3.tgz}
    engines: {node: '>= 8'}
    dev: true

  /terser/5.10.0:
    resolution: {integrity: sha512-AMmF99DMfEDiRJfxfY5jj5wNH/bYO09cniSqhfoyxc8sFoYIgkJy86G04UoZU5VjlpnplVu0K6Tx6E9b5+DlHA==, tarball: terser/download/terser-5.10.0.tgz?cache=0&sync_timestamp=1637034686848&other_urls=https%3A%2F%2Fregistry.npmmirror.com%2Fterser%2Fdownload%2Fterser-5.10.0.tgz}
    engines: {node: '>=10'}
    hasBin: true
    peerDependencies:
      acorn: ^8.5.0
    peerDependenciesMeta:
      acorn:
        optional: true
    dependencies:
      commander: 2.20.3
      source-map: 0.7.3
      source-map-support: 0.5.21
    dev: true

  /tinydate/1.3.0:
    resolution: {integrity: sha1-5sqOWiK1G7TqHDoqT9E1Lb1MV/s=, tarball: tinydate/download/tinydate-1.3.0.tgz}
    engines: {node: '>=4'}
    dev: true

  /to-regex-range/5.0.1:
    resolution: {integrity: sha1-FkjESq58jZiKMmAY7XL1tN0DkuQ=, tarball: to-regex-range/download/to-regex-range-5.0.1.tgz}
    engines: {node: '>=8.0'}
    dependencies:
      is-number: 7.0.0
    dev: true

  /totalist/1.1.0:
    resolution: {integrity: sha1-pNZaPlRlF3AePlw3pHpwrJf+Vt8=, tarball: totalist/download/totalist-1.1.0.tgz}
    engines: {node: '>=6'}
    dev: true

  /tslib/2.3.1:
    resolution: {integrity: sha1-6KM1rdXOrlGqJh0ypJAVjvBC7wE=, tarball: tslib/download/tslib-2.3.1.tgz}
    dev: true

  /typescript/4.5.4:
    resolution: {integrity: sha512-VgYs2A2QIRuGphtzFV7aQJduJ2gyfTljngLzjpfW9FoYZF6xuw1W0vW9ghCKLfcWrCFxK81CSGRAvS1pn4fIUg==}
    engines: {node: '>=4.2.0'}
    hasBin: true
    dev: true

  /unique-slug/2.0.2:
    resolution: {integrity: sha1-uqvOkQg/xk6UWw861hPiZPfNTmw=, tarball: unique-slug/download/unique-slug-2.0.2.tgz}
    dependencies:
      imurmurhash: 0.1.4
    dev: true

  /universalify/0.1.2:
    resolution: {integrity: sha1-tkb2m+OULavOzJ1mOcgNwQXvqmY=, tarball: universalify/download/universalify-0.1.2.tgz}
    engines: {node: '>= 4.0.0'}
    dev: true

  /util-deprecate/1.0.2:
    resolution: {integrity: sha1-RQ1Nyfpw3nMnYvvS1KKJgUGaDM8=, tarball: util-deprecate/download/util-deprecate-1.0.2.tgz}
    dev: true

  /util/0.10.4:
    resolution: {integrity: sha1-OqASW/5mikZy3liFfTrOJ+y3aQE=, tarball: util/download/util-0.10.4.tgz}
    dependencies:
      inherits: 2.0.3
    dev: true

  /which/2.0.2:
    resolution: {integrity: sha1-fGqN0KY2oDJ+ELWckobu6T8/UbE=, tarball: which/download/which-2.0.2.tgz}
    engines: {node: '>= 8'}
    hasBin: true
    dependencies:
      isexe: 2.0.0
    dev: true

  /wrappy/1.0.2:
    resolution: {integrity: sha1-tSQ9jz7BqjXxNkYFvA0QNuMKtp8=, tarball: wrappy/download/wrappy-1.0.2.tgz}
    dev: true

  /ws/7.5.6:
    resolution: {integrity: sha512-6GLgCqo2cy2A2rjCNFlxQS6ZljG/coZfZXclldI8FB/1G3CCI36Zd8xy2HrFVACi8tfk5XrgLQEk+P0Tnz9UcA==, tarball: ws/download/ws-7.5.6.tgz}
    engines: {node: '>=8.3.0'}
    peerDependencies:
      bufferutil: ^4.0.1
      utf-8-validate: ^5.0.2
    peerDependenciesMeta:
      bufferutil:
        optional: true
      utf-8-validate:
        optional: true
    dev: true

  /xxhashjs/0.2.2:
    resolution: {integrity: sha1-imJRVnYhocRqWuIE2gJJx/jKqdg=, tarball: xxhashjs/download/xxhashjs-0.2.2.tgz}
    dependencies:
      cuint: 0.2.2
    dev: true
